
Microsoft Visual Studio Solution File, Format Version 12.00
# Visual Studio Version 17
VisualStudioVersion = 17.0.31903.59
MinimumVisualStudioVersion = 10.0.40219.1
Project("{FAE04EC0-301F-11D3-BF4B-00C04F79EFBC}") = "SquareEquationLib", "SquareEquationLib\SquareEquationLib.csproj", "{EBB9D0A3-CA5C-4342-9E8E-E6C97C3D0936}"
EndProject
Project("{FAE04EC0-301F-11D3-BF4B-00C04F79EFBC}") = "SquareEquation.TestsBDD", "SquareEquation.TestsBDD\SquareEquation.TestsBDD.csproj", "{3289CE49-6558-44CB-8FAD-D3C6EB4BF528}"
EndProject
Global
	GlobalSection(SolutionConfigurationPlatforms) = preSolution
		Debug|Any CPU = Debug|Any CPU
		Release|Any CPU = Release|Any CPU
	EndGlobalSection
	GlobalSection(SolutionProperties) = preSolution
		HideSolutionNode = FALSE
	EndGlobalSection
	GlobalSection(ProjectConfigurationPlatforms) = postSolution
		{46B374B6-8D65-43D8-A81C-5775610C4BE9}.Debug|Any CPU.ActiveCfg = Debug|Any CPU
		{46B374B6-8D65-43D8-A81C-5775610C4BE9}.Debug|Any CPU.Build.0 = Debug|Any CPU
		{46B374B6-8D65-43D8-A81C-5775610C4BE9}.Release|Any CPU.ActiveCfg = Release|Any CPU
		{46B374B6-8D65-43D8-A81C-5775610C4BE9}.Release|Any CPU.Build.0 = Release|Any CPU
		{EBB9D0A3-CA5C-4342-9E8E-E6C97C3D0936}.Debug|Any CPU.ActiveCfg = Debug|Any CPU
		{EBB9D0A3-CA5C-4342-9E8E-E6C97C3D0936}.Debug|Any CPU.Build.0 = Debug|Any CPU
		{EBB9D0A3-CA5C-4342-9E8E-E6C97C3D0936}.Release|Any CPU.ActiveCfg = Release|Any CPU
		{EBB9D0A3-CA5C-4342-9E8E-E6C97C3D0936}.Release|Any CPU.Build.0 = Release|Any CPU
		{3289CE49-6558-44CB-8FAD-D3C6EB4BF528}.Debug|Any CPU.ActiveCfg = Debug|Any CPU
		{3289CE49-6558-44CB-8FAD-D3C6EB4BF528}.Debug|Any CPU.Build.0 = Debug|Any CPU
		{3289CE49-6558-44CB-8FAD-D3C6EB4BF528}.Release|Any CPU.ActiveCfg = Release|Any CPU
		{3289CE49-6558-44CB-8FAD-D3C6EB4BF528}.Release|Any CPU.Build.0 = Release|Any CPU
	EndGlobalSection
EndGlobal
